// !$*UTF8*$!
{
	archiveVersion = 1;
	classes = {
	};
	objectVersion = 46;
	objects = {

/* Begin PBXBuildFile section */
		5F196997D5FE737D68E3C17D /* Pods_SwiftInterceptor.framework in Frameworks */ = {isa = PBXBuildFile; fileRef = EFC8B59517C797418F047851 /* Pods_SwiftInterceptor.framework */; };
		C50428161DDD00CA005E2390 /* LaunchScreen.storyboard in Resources */ = {isa = PBXBuildFile; fileRef = C50428141DDD00CA005E2390 /* LaunchScreen.storyboard */; };
		C504282F1DDD01AC005E2390 /* AppDelegate.swift in Sources */ = {isa = PBXBuildFile; fileRef = C504282C1DDD01AC005E2390 /* AppDelegate.swift */; };
		C5071D411DDFC403009E000B /* Interceptor.swift in Sources */ = {isa = PBXBuildFile; fileRef = C5071D401DDFC403009E000B /* Interceptor.swift */; };
		C51A63201DE391F8009A237F /* AnyInterceptor.swift in Sources */ = {isa = PBXBuildFile; fileRef = C51A631F1DE391F8009A237F /* AnyInterceptor.swift */; };
		C51A63221DE3921A009A237F /* ChainListener.swift in Sources */ = {isa = PBXBuildFile; fileRef = C51A63211DE3921A009A237F /* ChainListener.swift */; };
		C51A63241DE3922C009A237F /* AnyChainListener.swift in Sources */ = {isa = PBXBuildFile; fileRef = C51A63231DE3922C009A237F /* AnyChainListener.swift */; };
		C51A63261DE39240009A237F /* InterceptorChain.swift in Sources */ = {isa = PBXBuildFile; fileRef = C51A63251DE39240009A237F /* InterceptorChain.swift */; };
		C51A63281DE392CA009A237F /* InterceptorChainTests.swift in Sources */ = {isa = PBXBuildFile; fileRef = C51A63271DE392CA009A237F /* InterceptorChainTests.swift */; };
		C51A632C1DE39CA2009A237F /* ChainIntToIntListener.swift in Sources */ = {isa = PBXBuildFile; fileRef = C51A632B1DE39CA2009A237F /* ChainIntToIntListener.swift */; };
		C51A632E1DE39CC0009A237F /* ChainIntToStringListener.swift in Sources */ = {isa = PBXBuildFile; fileRef = C51A632D1DE39CC0009A237F /* ChainIntToStringListener.swift */; };
		C51A63301DE39CDD009A237F /* AddInterceptor.swift in Sources */ = {isa = PBXBuildFile; fileRef = C51A632F1DE39CDD009A237F /* AddInterceptor.swift */; };
		C51A63321DE39D03009A237F /* MinusInterceptor.swift in Sources */ = {isa = PBXBuildFile; fileRef = C51A63311DE39D03009A237F /* MinusInterceptor.swift */; };
		C51A63341DE39D32009A237F /* MultiplyBy3Interceptor.swift in Sources */ = {isa = PBXBuildFile; fileRef = C51A63331DE39D32009A237F /* MultiplyBy3Interceptor.swift */; };
		C51A63361DE39D69009A237F /* DivideBy2Interceptor.swift in Sources */ = {isa = PBXBuildFile; fileRef = C51A63351DE39D69009A237F /* DivideBy2Interceptor.swift */; };
		C569C44C1DE4F1690065C2DA /* HTTPClient.swift in Sources */ = {isa = PBXBuildFile; fileRef = C569C44B1DE4F1690065C2DA /* HTTPClient.swift */; };
		C569C44E1DE4F1900065C2DA /* Requestor.swift in Sources */ = {isa = PBXBuildFile; fileRef = C569C44D1DE4F1900065C2DA /* Requestor.swift */; };
		C569C4501DE4F3600065C2DA /* CredentialsInterceptor.swift in Sources */ = {isa = PBXBuildFile; fileRef = C569C44F1DE4F3600065C2DA /* CredentialsInterceptor.swift */; };
		C569C4521DE4F6350065C2DA /* AddLocaleInterceptor.swift in Sources */ = {isa = PBXBuildFile; fileRef = C569C4511DE4F6350065C2DA /* AddLocaleInterceptor.swift */; };
		C569C4541DE4F91A0065C2DA /* Response.swift in Sources */ = {isa = PBXBuildFile; fileRef = C569C4531DE4F91A0065C2DA /* Response.swift */; };
		C569C4561DE4FAB00065C2DA /* ViewController.swift in Sources */ = {isa = PBXBuildFile; fileRef = C569C4551DE4FAB00065C2DA /* ViewController.swift */; };
		D65F3189DCBDD6176120D3DC /* Pods_SwiftInterceptorTests.framework in Frameworks */ = {isa = PBXBuildFile; fileRef = A4AE99E2EB03F767A9DEDC15 /* Pods_SwiftInterceptorTests.framework */; };
/* End PBXBuildFile section */

/* Begin PBXContainerItemProxy section */
		C504281D1DDD00CA005E2390 /* PBXContainerItemProxy */ = {
			isa = PBXContainerItemProxy;
			containerPortal = C50428001DDD00CA005E2390 /* Project object */;
			proxyType = 1;
			remoteGlobalIDString = C50428071DDD00CA005E2390;
			remoteInfo = SwiftInterceptor;
		};
/* End PBXContainerItemProxy section */

/* Begin PBXFileReference section */
		52B264B525FB20F0C34B1C68 /* Pods-SwiftInterceptor.release.xcconfig */ = {isa = PBXFileReference; includeInIndex = 1; lastKnownFileType = text.xcconfig; name = "Pods-SwiftInterceptor.release.xcconfig"; path = "Pods/Target Support Files/Pods-SwiftInterceptor/Pods-SwiftInterceptor.release.xcconfig"; sourceTree = "<group>"; };
		A4AE99E2EB03F767A9DEDC15 /* Pods_SwiftInterceptorTests.framework */ = {isa = PBXFileReference; explicitFileType = wrapper.framework; includeInIndex = 0; path = Pods_SwiftInterceptorTests.framework; sourceTree = BUILT_PRODUCTS_DIR; };
		B567421012A09EB0DD707B50 /* Pods-SwiftInterceptorTests.debug.xcconfig */ = {isa = PBXFileReference; includeInIndex = 1; lastKnownFileType = text.xcconfig; name = "Pods-SwiftInterceptorTests.debug.xcconfig"; path = "Pods/Target Support Files/Pods-SwiftInterceptorTests/Pods-SwiftInterceptorTests.debug.xcconfig"; sourceTree = "<group>"; };
		C50428081DDD00CA005E2390 /* SwiftInterceptor.app */ = {isa = PBXFileReference; explicitFileType = wrapper.application; includeInIndex = 0; path = SwiftInterceptor.app; sourceTree = BUILT_PRODUCTS_DIR; };
		C50428151DDD00CA005E2390 /* Base */ = {isa = PBXFileReference; lastKnownFileType = file.storyboard; name = Base; path = Base.lproj/LaunchScreen.storyboard; sourceTree = "<group>"; };
		C50428171DDD00CA005E2390 /* Info.plist */ = {isa = PBXFileReference; lastKnownFileType = text.plist.xml; path = Info.plist; sourceTree = "<group>"; };
		C504281C1DDD00CA005E2390 /* SwiftInterceptorTests.xctest */ = {isa = PBXFileReference; explicitFileType = wrapper.cfbundle; includeInIndex = 0; path = SwiftInterceptorTests.xctest; sourceTree = BUILT_PRODUCTS_DIR; };
		C50428221DDD00CA005E2390 /* Info.plist */ = {isa = PBXFileReference; lastKnownFileType = text.plist.xml; path = Info.plist; sourceTree = "<group>"; };
		C504282C1DDD01AC005E2390 /* AppDelegate.swift */ = {isa = PBXFileReference; fileEncoding = 4; lastKnownFileType = sourcecode.swift; path = AppDelegate.swift; sourceTree = "<group>"; };
		C5071D401DDFC403009E000B /* Interceptor.swift */ = {isa = PBXFileReference; fileEncoding = 4; lastKnownFileType = sourcecode.swift; path = Interceptor.swift; sourceTree = "<group>"; };
		C51A631F1DE391F8009A237F /* AnyInterceptor.swift */ = {isa = PBXFileReference; fileEncoding = 4; lastKnownFileType = sourcecode.swift; path = AnyInterceptor.swift; sourceTree = "<group>"; };
		C51A63211DE3921A009A237F /* ChainListener.swift */ = {isa = PBXFileReference; fileEncoding = 4; lastKnownFileType = sourcecode.swift; path = ChainListener.swift; sourceTree = "<group>"; };
		C51A63231DE3922C009A237F /* AnyChainListener.swift */ = {isa = PBXFileReference; fileEncoding = 4; lastKnownFileType = sourcecode.swift; path = AnyChainListener.swift; sourceTree = "<group>"; };
		C51A63251DE39240009A237F /* InterceptorChain.swift */ = {isa = PBXFileReference; fileEncoding = 4; lastKnownFileType = sourcecode.swift; path = InterceptorChain.swift; sourceTree = "<group>"; };
		C51A63271DE392CA009A237F /* InterceptorChainTests.swift */ = {isa = PBXFileReference; fileEncoding = 4; lastKnownFileType = sourcecode.swift; path = InterceptorChainTests.swift; sourceTree = "<group>"; };
		C51A632B1DE39CA2009A237F /* ChainIntToIntListener.swift */ = {isa = PBXFileReference; fileEncoding = 4; lastKnownFileType = sourcecode.swift; path = ChainIntToIntListener.swift; sourceTree = "<group>"; };
		C51A632D1DE39CC0009A237F /* ChainIntToStringListener.swift */ = {isa = PBXFileReference; fileEncoding = 4; lastKnownFileType = sourcecode.swift; path = ChainIntToStringListener.swift; sourceTree = "<group>"; };
		C51A632F1DE39CDD009A237F /* AddInterceptor.swift */ = {isa = PBXFileReference; fileEncoding = 4; lastKnownFileType = sourcecode.swift; path = AddInterceptor.swift; sourceTree = "<group>"; };
		C51A63311DE39D03009A237F /* MinusInterceptor.swift */ = {isa = PBXFileReference; fileEncoding = 4; lastKnownFileType = sourcecode.swift; path = MinusInterceptor.swift; sourceTree = "<group>"; };
		C51A63331DE39D32009A237F /* MultiplyBy3Interceptor.swift */ = {isa = PBXFileReference; fileEncoding = 4; lastKnownFileType = sourcecode.swift; path = MultiplyBy3Interceptor.swift; sourceTree = "<group>"; };
		C51A63351DE39D69009A237F /* DivideBy2Interceptor.swift */ = {isa = PBXFileReference; fileEncoding = 4; lastKnownFileType = sourcecode.swift; path = DivideBy2Interceptor.swift; sourceTree = "<group>"; };
		C569C44B1DE4F1690065C2DA /* HTTPClient.swift */ = {isa = PBXFileReference; fileEncoding = 4; lastKnownFileType = sourcecode.swift; path = HTTPClient.swift; sourceTree = "<group>"; };
		C569C44D1DE4F1900065C2DA /* Requestor.swift */ = {isa = PBXFileReference; fileEncoding = 4; lastKnownFileType = sourcecode.swift; path = Requestor.swift; sourceTree = "<group>"; };
		C569C44F1DE4F3600065C2DA /* CredentialsInterceptor.swift */ = {isa = PBXFileReference; fileEncoding = 4; lastKnownFileType = sourcecode.swift; path = CredentialsInterceptor.swift; sourceTree = "<group>"; };
		C569C4511DE4F6350065C2DA /* AddLocaleInterceptor.swift */ = {isa = PBXFileReference; fileEncoding = 4; lastKnownFileType = sourcecode.swift; path = AddLocaleInterceptor.swift; sourceTree = "<group>"; };
		C569C4531DE4F91A0065C2DA /* Response.swift */ = {isa = PBXFileReference; fileEncoding = 4; lastKnownFileType = sourcecode.swift; path = Response.swift; sourceTree = "<group>"; };
		C569C4551DE4FAB00065C2DA /* ViewController.swift */ = {isa = PBXFileReference; fileEncoding = 4; lastKnownFileType = sourcecode.swift; path = ViewController.swift; sourceTree = "<group>"; };
		D0553ABDA944ACB33619E4B3 /* Pods-SwiftInterceptor.debug.xcconfig */ = {isa = PBXFileReference; includeInIndex = 1; lastKnownFileType = text.xcconfig; name = "Pods-SwiftInterceptor.debug.xcconfig"; path = "Pods/Target Support Files/Pods-SwiftInterceptor/Pods-SwiftInterceptor.debug.xcconfig"; sourceTree = "<group>"; };
		E3BF7F7B450B9D3E4C444094 /* Pods-SwiftInterceptorTests.release.xcconfig */ = {isa = PBXFileReference; includeInIndex = 1; lastKnownFileType = text.xcconfig; name = "Pods-SwiftInterceptorTests.release.xcconfig"; path = "Pods/Target Support Files/Pods-SwiftInterceptorTests/Pods-SwiftInterceptorTests.release.xcconfig"; sourceTree = "<group>"; };
		EFC8B59517C797418F047851 /* Pods_SwiftInterceptor.framework */ = {isa = PBXFileReference; explicitFileType = wrapper.framework; includeInIndex = 0; path = Pods_SwiftInterceptor.framework; sourceTree = BUILT_PRODUCTS_DIR; };
/* End PBXFileReference section */

/* Begin PBXFrameworksBuildPhase section */
		C50428051DDD00CA005E2390 /* Frameworks */ = {
			isa = PBXFrameworksBuildPhase;
			buildActionMask = 2147483647;
			files = (
				5F196997D5FE737D68E3C17D /* Pods_SwiftInterceptor.framework in Frameworks */,
			);
			runOnlyForDeploymentPostprocessing = 0;
		};
		C50428191DDD00CA005E2390 /* Frameworks */ = {
			isa = PBXFrameworksBuildPhase;
			buildActionMask = 2147483647;
			files = (
				D65F3189DCBDD6176120D3DC /* Pods_SwiftInterceptorTests.framework in Frameworks */,
			);
			runOnlyForDeploymentPostprocessing = 0;
		};
/* End PBXFrameworksBuildPhase section */

/* Begin PBXGroup section */
		84C33D9AB045B3C82B51BA8A /* Frameworks */ = {
			isa = PBXGroup;
			children = (
				EFC8B59517C797418F047851 /* Pods_SwiftInterceptor.framework */,
				A4AE99E2EB03F767A9DEDC15 /* Pods_SwiftInterceptorTests.framework */,
			);
			name = Frameworks;
			sourceTree = "<group>";
		};
		C50427FF1DDD00CA005E2390 = {
			isa = PBXGroup;
			children = (
				C504280A1DDD00CA005E2390 /* SwiftInterceptor */,
				C504281F1DDD00CA005E2390 /* SwiftInterceptorTests */,
				C50428091DDD00CA005E2390 /* Products */,
				C7F984DFEDDD5D09ABC6BEA9 /* Pods */,
				84C33D9AB045B3C82B51BA8A /* Frameworks */,
			);
			sourceTree = "<group>";
		};
		C50428091DDD00CA005E2390 /* Products */ = {
			isa = PBXGroup;
			children = (
				C50428081DDD00CA005E2390 /* SwiftInterceptor.app */,
				C504281C1DDD00CA005E2390 /* SwiftInterceptorTests.xctest */,
			);
			name = Products;
			sourceTree = "<group>";
		};
		C504280A1DDD00CA005E2390 /* SwiftInterceptor */ = {
			isa = PBXGroup;
			children = (
				C504282B1DDD01AC005E2390 /* Example */,
				C504282E1DDD01AC005E2390 /* Source */,
				C50428141DDD00CA005E2390 /* LaunchScreen.storyboard */,
				C50428171DDD00CA005E2390 /* Info.plist */,
			);
			path = SwiftInterceptor;
			sourceTree = "<group>";
		};
		C504281F1DDD00CA005E2390 /* SwiftInterceptorTests */ = {
			isa = PBXGroup;
			children = (
				C51A63271DE392CA009A237F /* InterceptorChainTests.swift */,
				C51A63291DE39C8A009A237F /* ChainListener */,
				C51A632A1DE39C8A009A237F /* Interceptor */,
				C50428221DDD00CA005E2390 /* Info.plist */,
			);
			path = SwiftInterceptorTests;
			sourceTree = "<group>";
		};
		C504282B1DDD01AC005E2390 /* Example */ = {
			isa = PBXGroup;
			children = (
				C504282C1DDD01AC005E2390 /* AppDelegate.swift */,
				C569C4481DE4F12A0065C2DA /* NetworkExample */,
			);
			path = Example;
			sourceTree = "<group>";
		};
		C504282E1DDD01AC005E2390 /* Source */ = {
			isa = PBXGroup;
			children = (
				C5071D401DDFC403009E000B /* Interceptor.swift */,
				C51A631F1DE391F8009A237F /* AnyInterceptor.swift */,
				C51A63211DE3921A009A237F /* ChainListener.swift */,
				C51A63231DE3922C009A237F /* AnyChainListener.swift */,
				C51A63251DE39240009A237F /* InterceptorChain.swift */,
			);
			path = Source;
			sourceTree = "<group>";
		};
		C51A63291DE39C8A009A237F /* ChainListener */ = {
			isa = PBXGroup;
			children = (
				C51A632B1DE39CA2009A237F /* ChainIntToIntListener.swift */,
				C51A632D1DE39CC0009A237F /* ChainIntToStringListener.swift */,
			);
			path = ChainListener;
			sourceTree = "<group>";
		};
		C51A632A1DE39C8A009A237F /* Interceptor */ = {
			isa = PBXGroup;
			children = (
				C51A632F1DE39CDD009A237F /* AddInterceptor.swift */,
				C51A63311DE39D03009A237F /* MinusInterceptor.swift */,
				C51A63331DE39D32009A237F /* MultiplyBy3Interceptor.swift */,
				C51A63351DE39D69009A237F /* DivideBy2Interceptor.swift */,
			);
			path = Interceptor;
			sourceTree = "<group>";
		};
		C569C4481DE4F12A0065C2DA /* NetworkExample */ = {
			isa = PBXGroup;
			children = (
				C569C4551DE4FAB00065C2DA /* ViewController.swift */,
				C569C4491DE4F1590065C2DA /* Interceptor */,
				C569C44A1DE4F1590065C2DA /* Network */,
			);
			path = NetworkExample;
			sourceTree = "<group>";
		};
		C569C4491DE4F1590065C2DA /* Interceptor */ = {
			isa = PBXGroup;
			children = (
				C569C44F1DE4F3600065C2DA /* CredentialsInterceptor.swift */,
				C569C4511DE4F6350065C2DA /* AddLocaleInterceptor.swift */,
			);
			path = Interceptor;
			sourceTree = "<group>";
		};
		C569C44A1DE4F1590065C2DA /* Network */ = {
			isa = PBXGroup;
			children = (
				C569C44B1DE4F1690065C2DA /* HTTPClient.swift */,
				C569C44D1DE4F1900065C2DA /* Requestor.swift */,
				C569C4531DE4F91A0065C2DA /* Response.swift */,
			);
			path = Network;
			sourceTree = "<group>";
		};
		C7F984DFEDDD5D09ABC6BEA9 /* Pods */ = {
			isa = PBXGroup;
			children = (
				D0553ABDA944ACB33619E4B3 /* Pods-SwiftInterceptor.debug.xcconfig */,
				52B264B525FB20F0C34B1C68 /* Pods-SwiftInterceptor.release.xcconfig */,
				B567421012A09EB0DD707B50 /* Pods-SwiftInterceptorTests.debug.xcconfig */,
				E3BF7F7B450B9D3E4C444094 /* Pods-SwiftInterceptorTests.release.xcconfig */,
			);
			name = Pods;
			sourceTree = "<group>";
		};
/* End PBXGroup section */

/* Begin PBXNativeTarget section */
		C50428071DDD00CA005E2390 /* SwiftInterceptor */ = {
			isa = PBXNativeTarget;
			buildConfigurationList = C50428251DDD00CA005E2390 /* Build configuration list for PBXNativeTarget "SwiftInterceptor" */;
			buildPhases = (
				47D7C48B73BCAD886D72E03D /* [CP] Check Pods Manifest.lock */,
				C50428041DDD00CA005E2390 /* Sources */,
				C50428051DDD00CA005E2390 /* Frameworks */,
				C50428061DDD00CA005E2390 /* Resources */,
				29852215388E0DDFD29791FB /* [CP] Embed Pods Frameworks */,
				00D2290E8F5CD96ED5C9F470 /* [CP] Copy Pods Resources */,
			);
			buildRules = (
			);
			dependencies = (
			);
			name = SwiftInterceptor;
			productName = SwiftInterceptor;
			productReference = C50428081DDD00CA005E2390 /* SwiftInterceptor.app */;
			productType = "com.apple.product-type.application";
		};
		C504281B1DDD00CA005E2390 /* SwiftInterceptorTests */ = {
			isa = PBXNativeTarget;
			buildConfigurationList = C50428281DDD00CA005E2390 /* Build configuration list for PBXNativeTarget "SwiftInterceptorTests" */;
			buildPhases = (
				C8402D4F67C3B5A6755F6F2A /* [CP] Check Pods Manifest.lock */,
				C50428181DDD00CA005E2390 /* Sources */,
				C50428191DDD00CA005E2390 /* Frameworks */,
				C504281A1DDD00CA005E2390 /* Resources */,
				33DA9C82C339D0F83F44A10A /* [CP] Embed Pods Frameworks */,
				3FEA7326991EAB3D8421C95C /* [CP] Copy Pods Resources */,
			);
			buildRules = (
			);
			dependencies = (
				C504281E1DDD00CA005E2390 /* PBXTargetDependency */,
			);
			name = SwiftInterceptorTests;
			productName = SwiftInterceptorTests;
			productReference = C504281C1DDD00CA005E2390 /* SwiftInterceptorTests.xctest */;
			productType = "com.apple.product-type.bundle.unit-test";
		};
/* End PBXNativeTarget section */

/* Begin PBXProject section */
		C50428001DDD00CA005E2390 /* Project object */ = {
			isa = PBXProject;
			attributes = {
				LastSwiftUpdateCheck = 0800;
				LastUpgradeCheck = 0800;
				ORGANIZATIONNAME = "Jean-Pierre Alary";
				TargetAttributes = {
					C50428071DDD00CA005E2390 = {
						CreatedOnToolsVersion = 8.0;
						ProvisioningStyle = Automatic;
					};
					C504281B1DDD00CA005E2390 = {
						CreatedOnToolsVersion = 8.0;
						ProvisioningStyle = Automatic;
						TestTargetID = C50428071DDD00CA005E2390;
					};
				};
			};
			buildConfigurationList = C50428031DDD00CA005E2390 /* Build configuration list for PBXProject "SwiftInterceptor" */;
			compatibilityVersion = "Xcode 3.2";
			developmentRegion = English;
			hasScannedForEncodings = 0;
			knownRegions = (
				en,
				Base,
			);
			mainGroup = C50427FF1DDD00CA005E2390;
			productRefGroup = C50428091DDD00CA005E2390 /* Products */;
			projectDirPath = "";
			projectRoot = "";
			targets = (
				C50428071DDD00CA005E2390 /* SwiftInterceptor */,
				C504281B1DDD00CA005E2390 /* SwiftInterceptorTests */,
			);
		};
/* End PBXProject section */

/* Begin PBXResourcesBuildPhase section */
		C50428061DDD00CA005E2390 /* Resources */ = {
			isa = PBXResourcesBuildPhase;
			buildActionMask = 2147483647;
			files = (
				C50428161DDD00CA005E2390 /* LaunchScreen.storyboard in Resources */,
			);
			runOnlyForDeploymentPostprocessing = 0;
		};
		C504281A1DDD00CA005E2390 /* Resources */ = {
			isa = PBXResourcesBuildPhase;
			buildActionMask = 2147483647;
			files = (
			);
			runOnlyForDeploymentPostprocessing = 0;
		};
/* End PBXResourcesBuildPhase section */

/* Begin PBXShellScriptBuildPhase section */
		00D2290E8F5CD96ED5C9F470 /* [CP] Copy Pods Resources */ = {
			isa = PBXShellScriptBuildPhase;
			buildActionMask = 2147483647;
			files = (
			);
			inputPaths = (
			);
			name = "[CP] Copy Pods Resources";
			outputPaths = (
			);
			runOnlyForDeploymentPostprocessing = 0;
			shellPath = /bin/sh;
			shellScript = "\"${SRCROOT}/Pods/Target Support Files/Pods-SwiftInterceptor/Pods-SwiftInterceptor-resources.sh\"\n";
			showEnvVarsInLog = 0;
		};
		29852215388E0DDFD29791FB /* [CP] Embed Pods Frameworks */ = {
			isa = PBXShellScriptBuildPhase;
			buildActionMask = 2147483647;
			files = (
			);
			inputPaths = (
			);
			name = "[CP] Embed Pods Frameworks";
			outputPaths = (
			);
			runOnlyForDeploymentPostprocessing = 0;
			shellPath = /bin/sh;
			shellScript = "\"${SRCROOT}/Pods/Target Support Files/Pods-SwiftInterceptor/Pods-SwiftInterceptor-frameworks.sh\"\n";
			showEnvVarsInLog = 0;
		};
		33DA9C82C339D0F83F44A10A /* [CP] Embed Pods Frameworks */ = {
			isa = PBXShellScriptBuildPhase;
			buildActionMask = 2147483647;
			files = (
			);
			inputPaths = (
			);
			name = "[CP] Embed Pods Frameworks";
			outputPaths = (
			);
			runOnlyForDeploymentPostprocessing = 0;
			shellPath = /bin/sh;
			shellScript = "\"${SRCROOT}/Pods/Target Support Files/Pods-SwiftInterceptorTests/Pods-SwiftInterceptorTests-frameworks.sh\"\n";
			showEnvVarsInLog = 0;
		};
		3FEA7326991EAB3D8421C95C /* [CP] Copy Pods Resources */ = {
			isa = PBXShellScriptBuildPhase;
			buildActionMask = 2147483647;
			files = (
			);
			inputPaths = (
			);
			name = "[CP] Copy Pods Resources";
			outputPaths = (
			);
			runOnlyForDeploymentPostprocessing = 0;
			shellPath = /bin/sh;
			shellScript = "\"${SRCROOT}/Pods/Target Support Files/Pods-SwiftInterceptorTests/Pods-SwiftInterceptorTests-resources.sh\"\n";
			showEnvVarsInLog = 0;
		};
		47D7C48B73BCAD886D72E03D /* [CP] Check Pods Manifest.lock */ = {
			isa = PBXShellScriptBuildPhase;
			buildActionMask = 2147483647;
			files = (
			);
			inputPaths = (
			);
			name = "[CP] Check Pods Manifest.lock";
			outputPaths = (
			);
			runOnlyForDeploymentPostprocessing = 0;
			shellPath = /bin/sh;
			shellScript = "diff \"${PODS_ROOT}/../Podfile.lock\" \"${PODS_ROOT}/Manifest.lock\" > /dev/null\nif [ $? != 0 ] ; then\n    # print error to STDERR\n    echo \"error: The sandbox is not in sync with the Podfile.lock. Run 'pod install' or update your CocoaPods installation.\" >&2\n    exit 1\nfi\n";
			showEnvVarsInLog = 0;
		};
		C8402D4F67C3B5A6755F6F2A /* [CP] Check Pods Manifest.lock */ = {
			isa = PBXShellScriptBuildPhase;
			buildActionMask = 2147483647;
			files = (
			);
			inputPaths = (
			);
			name = "[CP] Check Pods Manifest.lock";
			outputPaths = (
			);
			runOnlyForDeploymentPostprocessing = 0;
			shellPath = /bin/sh;
			shellScript = "diff \"${PODS_ROOT}/../Podfile.lock\" \"${PODS_ROOT}/Manifest.lock\" > /dev/null\nif [ $? != 0 ] ; then\n    # print error to STDERR\n    echo \"error: The sandbox is not in sync with the Podfile.lock. Run 'pod install' or update your CocoaPods installation.\" >&2\n    exit 1\nfi\n";
			showEnvVarsInLog = 0;
		};
/* End PBXShellScriptBuildPhase section */

/* Begin PBXSourcesBuildPhase section */
		C50428041DDD00CA005E2390 /* Sources */ = {
			isa = PBXSourcesBuildPhase;
			buildActionMask = 2147483647;
			files = (
				C51A63221DE3921A009A237F /* ChainListener.swift in Sources */,
				C569C4501DE4F3600065C2DA /* CredentialsInterceptor.swift in Sources */,
				C569C44C1DE4F1690065C2DA /* HTTPClient.swift in Sources */,
				C569C4541DE4F91A0065C2DA /* Response.swift in Sources */,
				C51A63241DE3922C009A237F /* AnyChainListener.swift in Sources */,
				C5071D411DDFC403009E000B /* Interceptor.swift in Sources */,
				C569C4521DE4F6350065C2DA /* AddLocaleInterceptor.swift in Sources */,
				C51A63201DE391F8009A237F /* AnyInterceptor.swift in Sources */,
				C51A63261DE39240009A237F /* InterceptorChain.swift in Sources */,
				C569C4561DE4FAB00065C2DA /* ViewController.swift in Sources */,
				C504282F1DDD01AC005E2390 /* AppDelegate.swift in Sources */,
				C569C44E1DE4F1900065C2DA /* Requestor.swift in Sources */,
			);
			runOnlyForDeploymentPostprocessing = 0;
		};
		C50428181DDD00CA005E2390 /* Sources */ = {
			isa = PBXSourcesBuildPhase;
			buildActionMask = 2147483647;
			files = (
				C51A63341DE39D32009A237F /* MultiplyBy3Interceptor.swift in Sources */,
				C51A63301DE39CDD009A237F /* AddInterceptor.swift in Sources */,
				C51A632C1DE39CA2009A237F /* ChainIntToIntListener.swift in Sources */,
				C51A63281DE392CA009A237F /* InterceptorChainTests.swift in Sources */,
				C51A63321DE39D03009A237F /* MinusInterceptor.swift in Sources */,
				C51A63361DE39D69009A237F /* DivideBy2Interceptor.swift in Sources */,
				C51A632E1DE39CC0009A237F /* ChainIntToStringListener.swift in Sources */,
			);
			runOnlyForDeploymentPostprocessing = 0;
		};
/* End PBXSourcesBuildPhase section */

/* Begin PBXTargetDependency section */
		C504281E1DDD00CA005E2390 /* PBXTargetDependency */ = {
			isa = PBXTargetDependency;
			target = C50428071DDD00CA005E2390 /* SwiftInterceptor */;
			targetProxy = C504281D1DDD00CA005E2390 /* PBXContainerItemProxy */;
		};
/* End PBXTargetDependency section */

/* Begin PBXVariantGroup section */
		C50428141DDD00CA005E2390 /* LaunchScreen.storyboard */ = {
			isa = PBXVariantGroup;
			children = (
				C50428151DDD00CA005E2390 /* Base */,
			);
			name = LaunchScreen.storyboard;
			sourceTree = "<group>";
		};
/* End PBXVariantGroup section */

/* Begin XCBuildConfiguration section */
		C50428231DDD00CA005E2390 /* Debug */ = {
			isa = XCBuildConfiguration;
			buildSettings = {
				ALWAYS_SEARCH_USER_PATHS = NO;
				CLANG_ANALYZER_NONNULL = YES;
				CLANG_CXX_LANGUAGE_STANDARD = "gnu++0x";
				CLANG_CXX_LIBRARY = "libc++";
				CLANG_ENABLE_MODULES = YES;
				CLANG_ENABLE_OBJC_ARC = YES;
				CLANG_WARN_BOOL_CONVERSION = YES;
				CLANG_WARN_CONSTANT_CONVERSION = YES;
				CLANG_WARN_DIRECT_OBJC_ISA_USAGE = YES_ERROR;
				CLANG_WARN_DOCUMENTATION_COMMENTS = YES;
				CLANG_WARN_EMPTY_BODY = YES;
				CLANG_WARN_ENUM_CONVERSION = YES;
				CLANG_WARN_INFINITE_RECURSION = YES;
				CLANG_WARN_INT_CONVERSION = YES;
				CLANG_WARN_OBJC_ROOT_CLASS = YES_ERROR;
				CLANG_WARN_SUSPICIOUS_MOVES = YES;
				CLANG_WARN_UNREACHABLE_CODE = YES;
				CLANG_WARN__DUPLICATE_METHOD_MATCH = YES;
				"CODE_SIGN_IDENTITY[sdk=iphoneos*]" = "iPhone Developer";
				COPY_PHASE_STRIP = NO;
				DEBUG_INFORMATION_FORMAT = dwarf;
				ENABLE_STRICT_OBJC_MSGSEND = YES;
				ENABLE_TESTABILITY = YES;
				GCC_C_LANGUAGE_STANDARD = gnu99;
				GCC_DYNAMIC_NO_PIC = NO;
				GCC_NO_COMMON_BLOCKS = YES;
				GCC_OPTIMIZATION_LEVEL = 0;
				GCC_PREPROCESSOR_DEFINITIONS = (
					"DEBUG=1",
					"$(inherited)",
				);
				GCC_WARN_64_TO_32_BIT_CONVERSION = YES;
				GCC_WARN_ABOUT_RETURN_TYPE = YES_ERROR;
				GCC_WARN_UNDECLARED_SELECTOR = YES;
				GCC_WARN_UNINITIALIZED_AUTOS = YES_AGGRESSIVE;
				GCC_WARN_UNUSED_FUNCTION = YES;
				GCC_WARN_UNUSED_VARIABLE = YES;
				IPHONEOS_DEPLOYMENT_TARGET = 8.0;
				MTL_ENABLE_DEBUG_INFO = YES;
				ONLY_ACTIVE_ARCH = YES;
				SDKROOT = iphoneos;
				SWIFT_ACTIVE_COMPILATION_CONDITIONS = DEBUG;
				SWIFT_OPTIMIZATION_LEVEL = "-Onone";
			};
			name = Debug;
		};
		C50428241DDD00CA005E2390 /* Release */ = {
			isa = XCBuildConfiguration;
			buildSettings = {
				ALWAYS_SEARCH_USER_PATHS = NO;
				CLANG_ANALYZER_NONNULL = YES;
				CLANG_CXX_LANGUAGE_STANDARD = "gnu++0x";
				CLANG_CXX_LIBRARY = "libc++";
				CLANG_ENABLE_MODULES = YES;
				CLANG_ENABLE_OBJC_ARC = YES;
				CLANG_WARN_BOOL_CONVERSION = YES;
				CLANG_WARN_CONSTANT_CONVERSION = YES;
				CLANG_WARN_DIRECT_OBJC_ISA_USAGE = YES_ERROR;
				CLANG_WARN_DOCUMENTATION_COMMENTS = YES;
				CLANG_WARN_EMPTY_BODY = YES;
				CLANG_WARN_ENUM_CONVERSION = YES;
				CLANG_WARN_INFINITE_RECURSION = YES;
				CLANG_WARN_INT_CONVERSION = YES;
				CLANG_WARN_OBJC_ROOT_CLASS = YES_ERROR;
				CLANG_WARN_SUSPICIOUS_MOVES = YES;
				CLANG_WARN_UNREACHABLE_CODE = YES;
				CLANG_WARN__DUPLICATE_METHOD_MATCH = YES;
				"CODE_SIGN_IDENTITY[sdk=iphoneos*]" = "iPhone Developer";
				COPY_PHASE_STRIP = NO;
				DEBUG_INFORMATION_FORMAT = "dwarf-with-dsym";
				ENABLE_NS_ASSERTIONS = NO;
				ENABLE_STRICT_OBJC_MSGSEND = YES;
				GCC_C_LANGUAGE_STANDARD = gnu99;
				GCC_NO_COMMON_BLOCKS = YES;
				GCC_WARN_64_TO_32_BIT_CONVERSION = YES;
				GCC_WARN_ABOUT_RETURN_TYPE = YES_ERROR;
				GCC_WARN_UNDECLARED_SELECTOR = YES;
				GCC_WARN_UNINITIALIZED_AUTOS = YES_AGGRESSIVE;
				GCC_WARN_UNUSED_FUNCTION = YES;
				GCC_WARN_UNUSED_VARIABLE = YES;
				IPHONEOS_DEPLOYMENT_TARGET = 8.0;
				MTL_ENABLE_DEBUG_INFO = NO;
				SDKROOT = iphoneos;
				SWIFT_OPTIMIZATION_LEVEL = "-Owholemodule";
				VALIDATE_PRODUCT = YES;
			};
			name = Release;
		};
		C50428261DDD00CA005E2390 /* Debug */ = {
			isa = XCBuildConfiguration;
			baseConfigurationReference = D0553ABDA944ACB33619E4B3 /* Pods-SwiftInterceptor.debug.xcconfig */;
			buildSettings = {
				INFOPLIST_FILE = SwiftInterceptor/Info.plist;
				IPHONEOS_DEPLOYMENT_TARGET = 8.0;
				LD_RUNPATH_SEARCH_PATHS = "$(inherited) @executable_path/Frameworks";
				PRODUCT_BUNDLE_IDENTIFIER = com.jp.SwiftInterceptor;
				PRODUCT_NAME = "$(TARGET_NAME)";
				SWIFT_VERSION = 3.0;
			};
			name = Debug;
		};
		C50428271DDD00CA005E2390 /* Release */ = {
			isa = XCBuildConfiguration;
			baseConfigurationReference = 52B264B525FB20F0C34B1C68 /* Pods-SwiftInterceptor.release.xcconfig */;
			buildSettings = {
				INFOPLIST_FILE = SwiftInterceptor/Info.plist;
				IPHONEOS_DEPLOYMENT_TARGET = 8.0;
				LD_RUNPATH_SEARCH_PATHS = "$(inherited) @executable_path/Frameworks";
				PRODUCT_BUNDLE_IDENTIFIER = com.jp.SwiftInterceptor;
				PRODUCT_NAME = "$(TARGET_NAME)";
				SWIFT_VERSION = 3.0;
			};
			name = Release;
		};
		C50428291DDD00CA005E2390 /* Debug */ = {
			isa = XCBuildConfiguration;
			baseConfigurationReference = B567421012A09EB0DD707B50 /* Pods-SwiftInterceptorTests.debug.xcconfig */;
			buildSettings = {
				ALWAYS_EMBED_SWIFT_STANDARD_LIBRARIES = YES;
				BUNDLE_LOADER = "$(TEST_HOST)";
				INFOPLIST_FILE = SwiftInterceptorTests/Info.plist;
				LD_RUNPATH_SEARCH_PATHS = "$(inherited) @executable_path/Frameworks @loader_path/Frameworks";
				PRODUCT_BUNDLE_IDENTIFIER = com.jp.SwiftInterceptorTests;
				PRODUCT_NAME = "$(TARGET_NAME)";
				SWIFT_VERSION = 3.0;
				TEST_HOST = "$(BUILT_PRODUCTS_DIR)/SwiftInterceptor.app/SwiftInterceptor";
			};
			name = Debug;
		};
		C504282A1DDD00CA005E2390 /* Release */ = {
			isa = XCBuildConfiguration;
			baseConfigurationReference = E3BF7F7B450B9D3E4C444094 /* Pods-SwiftInterceptorTests.release.xcconfig */;
			buildSettings = {
				ALWAYS_EMBED_SWIFT_STANDARD_LIBRARIES = YES;
				BUNDLE_LOADER = "$(TEST_HOST)";
				INFOPLIST_FILE = SwiftInterceptorTests/Info.plist;
				LD_RUNPATH_SEARCH_PATHS = "$(inherited) @executable_path/Frameworks @loader_path/Frameworks";
				PRODUCT_BUNDLE_IDENTIFIER = com.jp.SwiftInterceptorTests;
				PRODUCT_NAME = "$(TARGET_NAME)";
				SWIFT_VERSION = 3.0;
				TEST_HOST = "$(BUILT_PRODUCTS_DIR)/SwiftInterceptor.app/SwiftInterceptor";
			};
			name = Release;
		};
/* End XCBuildConfiguration section */

/* Begin XCConfigurationList section */
		C50428031DDD00CA005E2390 /* Build configuration list for PBXProject "SwiftInterceptor" */ = {
			isa = XCConfigurationList;
			buildConfigurations = (
				C50428231DDD00CA005E2390 /* Debug */,
				C50428241DDD00CA005E2390 /* Release */,
			);
			defaultConfigurationIsVisible = 0;
			defaultConfigurationName = Release;
		};
		C50428251DDD00CA005E2390 /* Build configuration list for PBXNativeTarget "SwiftInterceptor" */ = {
			isa = XCConfigurationList;
			buildConfigurations = (
				C50428261DDD00CA005E2390 /* Debug */,
				C50428271DDD00CA005E2390 /* Release */,
			);
			defaultConfigurationIsVisible = 0;
			defaultConfigurationName = Release;
		};
		C50428281DDD00CA005E2390 /* Build configuration list for PBXNativeTarget "SwiftInterceptorTests" */ = {
			isa = XCConfigurationList;
			buildConfigurations = (
				C50428291DDD00CA005E2390 /* Debug */,
				C504282A1DDD00CA005E2390 /* Release */,
			);
			defaultConfigurationIsVisible = 0;
			defaultConfigurationName = Release;
		};
/* End XCConfigurationList section */
	};
	rootObject = C50428001DDD00CA005E2390 /* Project object */;
}
